// !$*UTF8*$!
{
	archiveVersion = 1;
	classes = {
	};
	objectVersion = 48;
	objects = {

/* Begin PBXBuildFile section */
		361B24001F34D45600DAEDC3 /* AppDelegate.swift in Sources */ = {isa = PBXBuildFile; fileRef = 361B23FF1F34D45600DAEDC3 /* AppDelegate.swift */; };
		361B24021F34D45600DAEDC3 /* ViewController.swift in Sources */ = {isa = PBXBuildFile; fileRef = 361B24011F34D45600DAEDC3 /* ViewController.swift */; };
		361B24051F34D45600DAEDC3 /* Main.storyboard in Resources */ = {isa = PBXBuildFile; fileRef = 361B24031F34D45600DAEDC3 /* Main.storyboard */; };
		361B24081F34D45600DAEDC3 /* NotHotdog.xcdatamodeld in Sources */ = {isa = PBXBuildFile; fileRef = 361B24061F34D45600DAEDC3 /* NotHotdog.xcdatamodeld */; };
		361B240A1F34D45600DAEDC3 /* Assets.xcassets in Resources */ = {isa = PBXBuildFile; fileRef = 361B24091F34D45600DAEDC3 /* Assets.xcassets */; };
		361B240D1F34D45600DAEDC3 /* LaunchScreen.storyboard in Resources */ = {isa = PBXBuildFile; fileRef = 361B240B1F34D45600DAEDC3 /* LaunchScreen.storyboard */; };
		361B24181F34D45600DAEDC3 /* NotHotdogTests.swift in Sources */ = {isa = PBXBuildFile; fileRef = 361B24171F34D45600DAEDC3 /* NotHotdogTests.swift */; };
		361B24231F34D45600DAEDC3 /* NotHotdogUITests.swift in Sources */ = {isa = PBXBuildFile; fileRef = 361B24221F34D45600DAEDC3 /* NotHotdogUITests.swift */; };
/* End PBXBuildFile section */

/* Begin PBXContainerItemProxy section */
		361B24141F34D45600DAEDC3 /* PBXContainerItemProxy */ = {
			isa = PBXContainerItemProxy;
			containerPortal = 361B23F41F34D45600DAEDC3 /* Project object */;
			proxyType = 1;
			remoteGlobalIDString = 361B23FB1F34D45600DAEDC3;
			remoteInfo = NotHotdog;
		};
		361B241F1F34D45600DAEDC3 /* PBXContainerItemProxy */ = {
			isa = PBXContainerItemProxy;
			containerPortal = 361B23F41F34D45600DAEDC3 /* Project object */;
			proxyType = 1;
			remoteGlobalIDString = 361B23FB1F34D45600DAEDC3;
			remoteInfo = NotHotdog;
		};
/* End PBXContainerItemProxy section */

/* Begin PBXFileReference section */
		361B23FC1F34D45600DAEDC3 /* NotHotdog.app */ = {isa = PBXFileReference; explicitFileType = wrapper.application; includeInIndex = 0; path = NotHotdog.app; sourceTree = BUILT_PRODUCTS_DIR; };
		361B23FF1F34D45600DAEDC3 /* AppDelegate.swift */ = {isa = PBXFileReference; lastKnownFileType = sourcecode.swift; path = AppDelegate.swift; sourceTree = "<group>"; };
		361B24011F34D45600DAEDC3 /* ViewController.swift */ = {isa = PBXFileReference; lastKnownFileType = sourcecode.swift; path = ViewController.swift; sourceTree = "<group>"; };
		361B24041F34D45600DAEDC3 /* Base */ = {isa = PBXFileReference; lastKnownFileType = file.storyboard; name = Base; path = Base.lproj/Main.storyboard; sourceTree = "<group>"; };
		361B24071F34D45600DAEDC3 /* NotHotdog.xcdatamodel */ = {isa = PBXFileReference; lastKnownFileType = wrapper.xcdatamodel; path = NotHotdog.xcdatamodel; sourceTree = "<group>"; };
		361B24091F34D45600DAEDC3 /* Assets.xcassets */ = {isa = PBXFileReference; lastKnownFileType = folder.assetcatalog; path = Assets.xcassets; sourceTree = "<group>"; };
		361B240C1F34D45600DAEDC3 /* Base */ = {isa = PBXFileReference; lastKnownFileType = file.storyboard; name = Base; path = Base.lproj/LaunchScreen.storyboard; sourceTree = "<group>"; };
		361B240E1F34D45600DAEDC3 /* Info.plist */ = {isa = PBXFileReference; lastKnownFileType = text.plist.xml; path = Info.plist; sourceTree = "<group>"; };
		361B24131F34D45600DAEDC3 /* NotHotdogTests.xctest */ = {isa = PBXFileReference; explicitFileType = wrapper.cfbundle; includeInIndex = 0; path = NotHotdogTests.xctest; sourceTree = BUILT_PRODUCTS_DIR; };
		361B24171F34D45600DAEDC3 /* NotHotdogTests.swift */ = {isa = PBXFileReference; lastKnownFileType = sourcecode.swift; path = NotHotdogTests.swift; sourceTree = "<group>"; };
		361B24191F34D45600DAEDC3 /* Info.plist */ = {isa = PBXFileReference; lastKnownFileType = text.plist.xml; path = Info.plist; sourceTree = "<group>"; };
		361B241E1F34D45600DAEDC3 /* NotHotdogUITests.xctest */ = {isa = PBXFileReference; explicitFileType = wrapper.cfbundle; includeInIndex = 0; path = NotHotdogUITests.xctest; sourceTree = BUILT_PRODUCTS_DIR; };
		361B24221F34D45600DAEDC3 /* NotHotdogUITests.swift */ = {isa = PBXFileReference; lastKnownFileType = sourcecode.swift; path = NotHotdogUITests.swift; sourceTree = "<group>"; };
		361B24241F34D45600DAEDC3 /* Info.plist */ = {isa = PBXFileReference; lastKnownFileType = text.plist.xml; path = Info.plist; sourceTree = "<group>"; };
/* End PBXFileReference section */

/* Begin PBXFrameworksBuildPhase section */
		361B23F91F34D45600DAEDC3 /* Frameworks */ = {
			isa = PBXFrameworksBuildPhase;
			buildActionMask = 2147483647;
			files = (
			);
			runOnlyForDeploymentPostprocessing = 0;
		};
		361B24101F34D45600DAEDC3 /* Frameworks */ = {
			isa = PBXFrameworksBuildPhase;
			buildActionMask = 2147483647;
			files = (
			);
			runOnlyForDeploymentPostprocessing = 0;
		};
		361B241B1F34D45600DAEDC3 /* Frameworks */ = {
			isa = PBXFrameworksBuildPhase;
			buildActionMask = 2147483647;
			files = (
			);
			runOnlyForDeploymentPostprocessing = 0;
		};
/* End PBXFrameworksBuildPhase section */

/* Begin PBXGroup section */
		361B23F31F34D45600DAEDC3 = {
			isa = PBXGroup;
			children = (
				361B23FE1F34D45600DAEDC3 /* NotHotdog */,
				361B24161F34D45600DAEDC3 /* NotHotdogTests */,
				361B24211F34D45600DAEDC3 /* NotHotdogUITests */,
				361B23FD1F34D45600DAEDC3 /* Products */,
			);
			sourceTree = "<group>";
		};
		361B23FD1F34D45600DAEDC3 /* Products */ = {
			isa = PBXGroup;
			children = (
				361B23FC1F34D45600DAEDC3 /* NotHotdog.app */,
				361B24131F34D45600DAEDC3 /* NotHotdogTests.xctest */,
				361B241E1F34D45600DAEDC3 /* NotHotdogUITests.xctest */,
			);
			name = Products;
			sourceTree = "<group>";
		};
		361B23FE1F34D45600DAEDC3 /* NotHotdog */ = {
			isa = PBXGroup;
			children = (
				361B23FF1F34D45600DAEDC3 /* AppDelegate.swift */,
				361B24011F34D45600DAEDC3 /* ViewController.swift */,
				361B24031F34D45600DAEDC3 /* Main.storyboard */,
				361B24091F34D45600DAEDC3 /* Assets.xcassets */,
				361B240B1F34D45600DAEDC3 /* LaunchScreen.storyboard */,
				361B240E1F34D45600DAEDC3 /* Info.plist */,
				361B24061F34D45600DAEDC3 /* NotHotdog.xcdatamodeld */,
			);
			path = NotHotdog;
			sourceTree = "<group>";
		};
		361B24161F34D45600DAEDC3 /* NotHotdogTests */ = {
			isa = PBXGroup;
			children = (
				361B24171F34D45600DAEDC3 /* NotHotdogTests.swift */,
				361B24191F34D45600DAEDC3 /* Info.plist */,
			);
			path = NotHotdogTests;
			sourceTree = "<group>";
		};
		361B24211F34D45600DAEDC3 /* NotHotdogUITests */ = {
			isa = PBXGroup;
			children = (
				361B24221F34D45600DAEDC3 /* NotHotdogUITests.swift */,
				361B24241F34D45600DAEDC3 /* Info.plist */,
			);
			path = NotHotdogUITests;
			sourceTree = "<group>";
		};
/* End PBXGroup section */

/* Begin PBXNativeTarget section */
		361B23FB1F34D45600DAEDC3 /* NotHotdog */ = {
			isa = PBXNativeTarget;
			buildConfigurationList = 361B24271F34D45600DAEDC3 /* Build configuration list for PBXNativeTarget "NotHotdog" */;
			buildPhases = (
				361B23F81F34D45600DAEDC3 /* Sources */,
				361B23F91F34D45600DAEDC3 /* Frameworks */,
				361B23FA1F34D45600DAEDC3 /* Resources */,
			);
			buildRules = (
			);
			dependencies = (
			);
			name = NotHotdog;
			productName = NotHotdog;
			productReference = 361B23FC1F34D45600DAEDC3 /* NotHotdog.app */;
			productType = "com.apple.product-type.application";
		};
		361B24121F34D45600DAEDC3 /* NotHotdogTests */ = {
			isa = PBXNativeTarget;
			buildConfigurationList = 361B242A1F34D45600DAEDC3 /* Build configuration list for PBXNativeTarget "NotHotdogTests" */;
			buildPhases = (
				361B240F1F34D45600DAEDC3 /* Sources */,
				361B24101F34D45600DAEDC3 /* Frameworks */,
				361B24111F34D45600DAEDC3 /* Resources */,
			);
			buildRules = (
			);
			dependencies = (
				361B24151F34D45600DAEDC3 /* PBXTargetDependency */,
			);
			name = NotHotdogTests;
			productName = NotHotdogTests;
			productReference = 361B24131F34D45600DAEDC3 /* NotHotdogTests.xctest */;
			productType = "com.apple.product-type.bundle.unit-test";
		};
		361B241D1F34D45600DAEDC3 /* NotHotdogUITests */ = {
			isa = PBXNativeTarget;
			buildConfigurationList = 361B242D1F34D45600DAEDC3 /* Build configuration list for PBXNativeTarget "NotHotdogUITests" */;
			buildPhases = (
				361B241A1F34D45600DAEDC3 /* Sources */,
				361B241B1F34D45600DAEDC3 /* Frameworks */,
				361B241C1F34D45600DAEDC3 /* Resources */,
			);
			buildRules = (
			);
			dependencies = (
				361B24201F34D45600DAEDC3 /* PBXTargetDependency */,
			);
			name = NotHotdogUITests;
			productName = NotHotdogUITests;
			productReference = 361B241E1F34D45600DAEDC3 /* NotHotdogUITests.xctest */;
			productType = "com.apple.product-type.bundle.ui-testing";
		};
/* End PBXNativeTarget section */

/* Begin PBXProject section */
		361B23F41F34D45600DAEDC3 /* Project object */ = {
			isa = PBXProject;
			attributes = {
				LastSwiftUpdateCheck = 0900;
				LastUpgradeCheck = 0900;
				ORGANIZATIONNAME = "Lowell Stevens";
				TargetAttributes = {
					361B23FB1F34D45600DAEDC3 = {
						CreatedOnToolsVersion = 9.0;
					};
					361B24121F34D45600DAEDC3 = {
						CreatedOnToolsVersion = 9.0;
						TestTargetID = 361B23FB1F34D45600DAEDC3;
					};
					361B241D1F34D45600DAEDC3 = {
						CreatedOnToolsVersion = 9.0;
						TestTargetID = 361B23FB1F34D45600DAEDC3;
					};
				};
			};
			buildConfigurationList = 361B23F71F34D45600DAEDC3 /* Build configuration list for PBXProject "NotHotdog" */;
			compatibilityVersion = "Xcode 8.0";
			developmentRegion = en;
			hasScannedForEncodings = 0;
			knownRegions = (
				en,
				Base,
			);
			mainGroup = 361B23F31F34D45600DAEDC3;
			productRefGroup = 361B23FD1F34D45600DAEDC3 /* Products */;
			projectDirPath = "";
			projectRoot = "";
			targets = (
				361B23FB1F34D45600DAEDC3 /* NotHotdog */,
				361B24121F34D45600DAEDC3 /* NotHotdogTests */,
				361B241D1F34D45600DAEDC3 /* NotHotdogUITests */,
			);
		};
/* End PBXProject section */

/* Begin PBXResourcesBuildPhase section */
		361B23FA1F34D45600DAEDC3 /* Resources */ = {
			isa = PBXResourcesBuildPhase;
			buildActionMask = 2147483647;
			files = (
				361B240D1F34D45600DAEDC3 /* LaunchScreen.storyboard in Resources */,
				361B240A1F34D45600DAEDC3 /* Assets.xcassets in Resources */,
				361B24051F34D45600DAEDC3 /* Main.storyboard in Resources */,
			);
			runOnlyForDeploymentPostprocessing = 0;
		};
		361B24111F34D45600DAEDC3 /* Resources */ = {
			isa = PBXResourcesBuildPhase;
			buildActionMask = 2147483647;
			files = (
			);
			runOnlyForDeploymentPostprocessing = 0;
		};
		361B241C1F34D45600DAEDC3 /* Resources */ = {
			isa = PBXResourcesBuildPhase;
			buildActionMask = 2147483647;
			files = (
			);
			runOnlyForDeploymentPostprocessing = 0;
		};
/* End PBXResourcesBuildPhase section */

/* Begin PBXSourcesBuildPhase section */
		361B23F81F34D45600DAEDC3 /* Sources */ = {
			isa = PBXSourcesBuildPhase;
			buildActionMask = 2147483647;
			files = (
				361B24081F34D45600DAEDC3 /* NotHotdog.xcdatamodeld in Sources */,
				361B24021F34D45600DAEDC3 /* ViewController.swift in Sources */,
				361B24001F34D45600DAEDC3 /* AppDelegate.swift in Sources */,
			);
			runOnlyForDeploymentPostprocessing = 0;
		};
		361B240F1F34D45600DAEDC3 /* Sources */ = {
			isa = PBXSourcesBuildPhase;
			buildActionMask = 2147483647;
			files = (
				361B24181F34D45600DAEDC3 /* NotHotdogTests.swift in Sources */,
			);
			runOnlyForDeploymentPostprocessing = 0;
		};
		361B241A1F34D45600DAEDC3 /* Sources */ = {
			isa = PBXSourcesBuildPhase;
			buildActionMask = 2147483647;
			files = (
				361B24231F34D45600DAEDC3 /* NotHotdogUITests.swift in Sources */,
			);
			runOnlyForDeploymentPostprocessing = 0;
		};
/* End PBXSourcesBuildPhase section */

/* Begin PBXTargetDependency section */
		361B24151F34D45600DAEDC3 /* PBXTargetDependency */ = {
			isa = PBXTargetDependency;
			target = 361B23FB1F34D45600DAEDC3 /* NotHotdog */;
			targetProxy = 361B24141F34D45600DAEDC3 /* PBXContainerItemProxy */;
		};
		361B24201F34D45600DAEDC3 /* PBXTargetDependency */ = {
			isa = PBXTargetDependency;
			target = 361B23FB1F34D45600DAEDC3 /* NotHotdog */;
			targetProxy = 361B241F1F34D45600DAEDC3 /* PBXContainerItemProxy */;
		};
/* End PBXTargetDependency section */

/* Begin PBXVariantGroup section */
		361B24031F34D45600DAEDC3 /* Main.storyboard */ = {
			isa = PBXVariantGroup;
			children = (
				361B24041F34D45600DAEDC3 /* Base */,
			);
			name = Main.storyboard;
			sourceTree = "<group>";
		};
		361B240B1F34D45600DAEDC3 /* LaunchScreen.storyboard */ = {
			isa = PBXVariantGroup;
			children = (
				361B240C1F34D45600DAEDC3 /* Base */,
			);
			name = LaunchScreen.storyboard;
			sourceTree = "<group>";
		};
/* End PBXVariantGroup section */

/* Begin XCBuildConfiguration section */
		361B24251F34D45600DAEDC3 /* Debug */ = {
			isa = XCBuildConfiguration;
			buildSettings = {
				ALWAYS_SEARCH_USER_PATHS = NO;
				CLANG_ANALYZER_NONNULL = YES;
				CLANG_ANALYZER_NUMBER_OBJECT_CONVERSION = YES_AGGRESSIVE;
				CLANG_CXX_LANGUAGE_STANDARD = "gnu++14";
				CLANG_CXX_LIBRARY = "libc++";
				CLANG_ENABLE_MODULES = YES;
				CLANG_ENABLE_OBJC_ARC = YES;
				CLANG_WARN_BLOCK_CAPTURE_AUTORELEASING = YES;
				CLANG_WARN_BOOL_CONVERSION = YES;
				CLANG_WARN_COMMA = YES;
				CLANG_WARN_CONSTANT_CONVERSION = YES;
				CLANG_WARN_DIRECT_OBJC_ISA_USAGE = YES_ERROR;
				CLANG_WARN_DOCUMENTATION_COMMENTS = YES;
				CLANG_WARN_EMPTY_BODY = YES;
				CLANG_WARN_ENUM_CONVERSION = YES;
				CLANG_WARN_INFINITE_RECURSION = YES;
				CLANG_WARN_INT_CONVERSION = YES;
				CLANG_WARN_NON_LITERAL_NULL_CONVERSION = YES;
				CLANG_WARN_OBJC_LITERAL_CONVERSION = YES;
				CLANG_WARN_OBJC_ROOT_CLASS = YES_ERROR;
				CLANG_WARN_RANGE_LOOP_ANALYSIS = YES;
				CLANG_WARN_STRICT_PROTOTYPES = YES;
				CLANG_WARN_SUSPICIOUS_MOVE = YES;
				CLANG_WARN_UNGUARDED_AVAILABILITY = YES_AGGRESSIVE;
				CLANG_WARN_UNREACHABLE_CODE = YES;
				CLANG_WARN__DUPLICATE_METHOD_MATCH = YES;
				CODE_SIGN_IDENTITY = "iPhone Developer";
				COPY_PHASE_STRIP = NO;
				DEBUG_INFORMATION_FORMAT = dwarf;
				ENABLE_STRICT_OBJC_MSGSEND = YES;
				ENABLE_TESTABILITY = YES;
				GCC_C_LANGUAGE_STANDARD = gnu11;
				GCC_DYNAMIC_NO_PIC = NO;
				GCC_NO_COMMON_BLOCKS = YES;
				GCC_OPTIMIZATION_LEVEL = 0;
				GCC_PREPROCESSOR_DEFINITIONS = (
					"DEBUG=1",
					"$(inherited)",
				);
				GCC_WARN_64_TO_32_BIT_CONVERSION = YES;
				GCC_WARN_ABOUT_RETURN_TYPE = YES_ERROR;
				GCC_WARN_UNDECLARED_SELECTOR = YES;
				GCC_WARN_UNINITIALIZED_AUTOS = YES_AGGRESSIVE;
				GCC_WARN_UNUSED_FUNCTION = YES;
				GCC_WARN_UNUSED_VARIABLE = YES;
				IPHONEOS_DEPLOYMENT_TARGET = 11.0;
				MTL_ENABLE_DEBUG_INFO = YES;
				ONLY_ACTIVE_ARCH = YES;
				SDKROOT = iphoneos;
				SWIFT_ACTIVE_COMPILATION_CONDITIONS = DEBUG;
				SWIFT_OPTIMIZATION_LEVEL = "-Onone";
			};
			name = Debug;
		};
		361B24261F34D45600DAEDC3 /* Release */ = {
			isa = XCBuildConfiguration;
			buildSettings = {
				ALWAYS_SEARCH_USER_PATHS = NO;
				CLANG_ANALYZER_NONNULL = YES;
				CLANG_ANALYZER_NUMBER_OBJECT_CONVERSION = YES_AGGRESSIVE;
				CLANG_CXX_LANGUAGE_STANDARD = "gnu++14";
				CLANG_CXX_LIBRARY = "libc++";
				CLANG_ENABLE_MODULES = YES;
				CLANG_ENABLE_OBJC_ARC = YES;
				CLANG_WARN_BLOCK_CAPTURE_AUTORELEASING = YES;
				CLANG_WARN_BOOL_CONVERSION = YES;
				CLANG_WARN_COMMA = YES;
				CLANG_WARN_CONSTANT_CONVERSION = YES;
				CLANG_WARN_DIRECT_OBJC_ISA_USAGE = YES_ERROR;
				CLANG_WARN_DOCUMENTATION_COMMENTS = YES;
				CLANG_WARN_EMPTY_BODY = YES;
				CLANG_WARN_ENUM_CONVERSION = YES;
				CLANG_WARN_INFINITE_RECURSION = YES;
				CLANG_WARN_INT_CONVERSION = YES;
				CLANG_WARN_NON_LITERAL_NULL_CONVERSION = YES;
				CLANG_WARN_OBJC_LITERAL_CONVERSION = YES;
				CLANG_WARN_OBJC_ROOT_CLASS = YES_ERROR;
				CLANG_WARN_RANGE_LOOP_ANALYSIS = YES;
				CLANG_WARN_STRICT_PROTOTYPES = YES;
				CLANG_WARN_SUSPICIOUS_MOVE = YES;
				CLANG_WARN_UNGUARDED_AVAILABILITY = YES_AGGRESSIVE;
				CLANG_WARN_UNREACHABLE_CODE = YES;
				CLANG_WARN__DUPLICATE_METHOD_MATCH = YES;
				CODE_SIGN_IDENTITY = "iPhone Developer";
				COPY_PHASE_STRIP = NO;
				DEBUG_INFORMATION_FORMAT = "dwarf-with-dsym";
				ENABLE_NS_ASSERTIONS = NO;
				ENABLE_STRICT_OBJC_MSGSEND = YES;
				GCC_C_LANGUAGE_STANDARD = gnu11;
				GCC_NO_COMMON_BLOCKS = YES;
				GCC_WARN_64_TO_32_BIT_CONVERSION = YES;
				GCC_WARN_ABOUT_RETURN_TYPE = YES_ERROR;
				GCC_WARN_UNDECLARED_SELECTOR = YES;
				GCC_WARN_UNINITIALIZED_AUTOS = YES_AGGRESSIVE;
				GCC_WARN_UNUSED_FUNCTION = YES;
				GCC_WARN_UNUSED_VARIABLE = YES;
				IPHONEOS_DEPLOYMENT_TARGET = 11.0;
				MTL_ENABLE_DEBUG_INFO = NO;
				SDKROOT = iphoneos;
				SWIFT_OPTIMIZATION_LEVEL = "-Owholemodule";
				VALIDATE_PRODUCT = YES;
			};
			name = Release;
		};
		361B24281F34D45600DAEDC3 /* Debug */ = {
			isa = XCBuildConfiguration;
			buildSettings = {
				ASSETCATALOG_COMPILER_APPICON_NAME = AppIcon;
				DEVELOPMENT_TEAM = MP3S8GAP8F;
				INFOPLIST_FILE = NotHotdog/Info.plist;
				LD_RUNPATH_SEARCH_PATHS = "$(inherited) @executable_path/Frameworks";
				PRODUCT_BUNDLE_IDENTIFIER = com.kraken.NotHotdog;
				PRODUCT_NAME = "$(TARGET_NAME)";
				SWIFT_VERSION = 4.0;
				TARGETED_DEVICE_FAMILY = "1,2";
			};
			name = Debug;
		};
		361B24291F34D45600DAEDC3 /* Release */ = {
			isa = XCBuildConfiguration;
			buildSettings = {
				ASSETCATALOG_COMPILER_APPICON_NAME = AppIcon;
				DEVELOPMENT_TEAM = MP3S8GAP8F;
				INFOPLIST_FILE = NotHotdog/Info.plist;
				LD_RUNPATH_SEARCH_PATHS = "$(inherited) @executable_path/Frameworks";
				PRODUCT_BUNDLE_IDENTIFIER = com.kraken.NotHotdog;
				PRODUCT_NAME = "$(TARGET_NAME)";
				SWIFT_VERSION = 4.0;
				TARGETED_DEVICE_FAMILY = "1,2";
			};
			name = Release;
		};
		361B242B1F34D45600DAEDC3 /* Debug */ = {
			isa = XCBuildConfiguration;
			buildSettings = {
				ALWAYS_EMBED_SWIFT_STANDARD_LIBRARIES = YES;
				BUNDLE_LOADER = "$(TEST_HOST)";
				DEVELOPMENT_TEAM = MP3S8GAP8F;
				INFOPLIST_FILE = NotHotdogTests/Info.plist;
				LD_RUNPATH_SEARCH_PATHS = "$(inherited) @executable_path/Frameworks @loader_path/Frameworks";
				PRODUCT_BUNDLE_IDENTIFIER = com.kraken.NotHotdogTests;
				PRODUCT_NAME = "$(TARGET_NAME)";
				SWIFT_VERSION = 4.0;
				TARGETED_DEVICE_FAMILY = "1,2";
				TEST_HOST = "$(BUILT_PRODUCTS_DIR)/NotHotdog.app/NotHotdog";
			};
			name = Debug;
		};
		361B242C1F34D45600DAEDC3 /* Release */ = {
			isa = XCBuildConfiguration;
			buildSettings = {
				ALWAYS_EMBED_SWIFT_STANDARD_LIBRARIES = YES;
				BUNDLE_LOADER = "$(TEST_HOST)";
				DEVELOPMENT_TEAM = MP3S8GAP8F;
				INFOPLIST_FILE = NotHotdogTests/Info.plist;
				LD_RUNPATH_SEARCH_PATHS = "$(inherited) @executable_path/Frameworks @loader_path/Frameworks";
				PRODUCT_BUNDLE_IDENTIFIER = com.kraken.NotHotdogTests;
				PRODUCT_NAME = "$(TARGET_NAME)";
				SWIFT_VERSION = 4.0;
				TARGETED_DEVICE_FAMILY = "1,2";
				TEST_HOST = "$(BUILT_PRODUCTS_DIR)/NotHotdog.app/NotHotdog";
			};
			name = Release;
		};
		361B242E1F34D45600DAEDC3 /* Debug */ = {
			isa = XCBuildConfiguration;
			buildSettings = {
				ALWAYS_EMBED_SWIFT_STANDARD_LIBRARIES = YES;
				DEVELOPMENT_TEAM = MP3S8GAP8F;
				INFOPLIST_FILE = NotHotdogUITests/Info.plist;
				LD_RUNPATH_SEARCH_PATHS = "$(inherited) @executable_path/Frameworks @loader_path/Frameworks";
				PRODUCT_BUNDLE_IDENTIFIER = com.kraken.NotHotdogUITests;
				PRODUCT_NAME = "$(TARGET_NAME)";
				SWIFT_VERSION = 4.0;
				TARGETED_DEVICE_FAMILY = "1,2";
				TEST_TARGET_NAME = NotHotdog;
			};
			name = Debug;
		};
		361B242F1F34D45600DAEDC3 /* Release */ = {
			isa = XCBuildConfiguration;
			buildSettings = {
				ALWAYS_EMBED_SWIFT_STANDARD_LIBRARIES = YES;
				DEVELOPMENT_TEAM = MP3S8GAP8F;
				INFOPLIST_FILE = NotHotdogUITests/Info.plist;
				LD_RUNPATH_SEARCH_PATHS = "$(inherited) @executable_path/Frameworks @loader_path/Frameworks";
				PRODUCT_BUNDLE_IDENTIFIER = com.kraken.NotHotdogUITests;
				PRODUCT_NAME = "$(TARGET_NAME)";
				SWIFT_VERSION = 4.0;
				TARGETED_DEVICE_FAMILY = "1,2";
				TEST_TARGET_NAME = NotHotdog;
			};
			name = Release;
		};
/* End XCBuildConfiguration section */

/* Begin XCConfigurationList section */
		361B23F71F34D45600DAEDC3 /* Build configuration list for PBXProject "NotHotdog" */ = {
			isa = XCConfigurationList;
			buildConfigurations = (
				361B24251F34D45600DAEDC3 /* Debug */,
				361B24261F34D45600DAEDC3 /* Release */,
			);
			defaultConfigurationIsVisible = 0;
			defaultConfigurationName = Release;
		};
		361B24271F34D45600DAEDC3 /* Build configuration list for PBXNativeTarget "NotHotdog" */ = {
			isa = XCConfigurationList;
			buildConfigurations = (
				361B24281F34D45600DAEDC3 /* Debug */,
				361B24291F34D45600DAEDC3 /* Release */,
			);
			defaultConfigurationIsVisible = 0;
		};
		361B242A1F34D45600DAEDC3 /* Build configuration list for PBXNativeTarget "NotHotdogTests" */ = {
			isa = XCConfigurationList;
			buildConfigurations = (
				361B242B1F34D45600DAEDC3 /* Debug */,
				361B242C1F34D45600DAEDC3 /* Release */,
			);
			defaultConfigurationIsVisible = 0;
		};
		361B242D1F34D45600DAEDC3 /* Build configuration list for PBXNativeTarget "NotHotdogUITests" */ = {
			isa = XCConfigurationList;
			buildConfigurations = (
				361B242E1F34D45600DAEDC3 /* Debug */,
				361B242F1F34D45600DAEDC3 /* Release */,
			);
			defaultConfigurationIsVisible = 0;
		};
/* End XCConfigurationList section */

/* Begin XCVersionGroup section */
		361B24061F34D45600DAEDC3 /* NotHotdog.xcdatamodeld */ = {
			isa = XCVersionGroup;
			children = (
				361B24071F34D45600DAEDC3 /* NotHotdog.xcdatamodel */,
			);
			currentVersion = 361B24071F34D45600DAEDC3 /* NotHotdog.xcdatamodel */;
			path = NotHotdog.xcdatamodeld;
			sourceTree = "<group>";
			versionGroupType = wrapper.xcdatamodel;
		};
/* End XCVersionGroup section */
	};
	rootObject = 361B23F41F34D45600DAEDC3 /* Project object */;
}
